{
  "name": "ipt.portfolio-project",
  "lockfileVersion": 2,
  "requires": true,
  "packages": {
    "": {
      "dependencies": {
        "cloudinary-core": "^2.12.3"
      }
    },
    "node_modules/cloudinary-core": {
      "version": "2.12.3",
      "resolved": "https://registry.npmjs.org/cloudinary-core/-/cloudinary-core-2.12.3.tgz",
      "integrity": "sha512-Ll4eDzcrIVn4zCttMh3Mdi+KNz07p5EEjBT2PQSRx8Eok1lKPt3uBBenOk/w88RKK3B8SFIWcEe/mN4BHQ0p8A==",
      "peerDependencies": {
        "lodash": ">=4.0"
      }
    },
    "node_modules/lodash": {
      "version": "4.17.21",
      "resolved": "https://registry.npmjs.org/lodash/-/lodash-4.17.21.tgz",
      "integrity": "sha512-v2kDEe57lecTulaDIuNTPy3Ry4gLGJ6Z1O3vE1krgXZNrsQ+LFTGHVxVjcXPs17LhbZVGedAJv8XZ1tvj5FvSg==",
      "peer": true
    }
  },
  "dependencies": {
    "cloudinary-core": {
      "version": "2.12.3",
      "resolved": "https://registry.npmjs.org/cloudinary-core/-/cloudinary-core-2.12.3.tgz",
      "integrity": "sha512-Ll4eDzcrIVn4zCttMh3Mdi+KNz07p5EEjBT2PQSRx8Eok1lKPt3uBBenOk/w88RKK3B8SFIWcEe/mN4BHQ0p8A==",
      "requires": {}
    },
    "lodash": {
      "version": "4.17.21",
      "resolved": "https://registry.npmjs.org/lodash/-/lodash-4.17.21.tgz",
      "integrity": "sha512-v2kDEe57lecTulaDIuNTPy3Ry4gLGJ6Z1O3vE1krgXZNrsQ+LFTGHVxVjcXPs17LhbZVGedAJv8XZ1tvj5FvSg==",
      "peer": true
    }
  }
}
